
Microsoft Visual Studio Solution File, Format Version 12.00
# Visual Studio 14
VisualStudioVersion = 14.0.23107.0
MinimumVisualStudioVersion = 10.0.40219.1
Project("{8BC9CEB8-8B4A-11D0-8D11-00A0C91BC942}") = "libctvm_util", "libctvm_util\libctvm_util.vcxproj", "{D0B99EAA-27E1-489E-B528-7E10EE10B9AC}"
EndProject
Project("{8BC9CEB8-8B4A-11D0-8D11-00A0C91BC942}") = "libctvm", "libctvm\libctvm.vcxproj", "{0780D1FC-6A4B-40FF-878E-609FF3C778DE}"
	ProjectSection(ProjectDependencies) = postProject
		{D0B99EAA-27E1-489E-B528-7E10EE10B9AC} = {D0B99EAA-27E1-489E-B528-7E10EE10B9AC}
	EndProjectSection
EndProject
Project("{8BC9CEB8-8B4A-11D0-8D11-00A0C91BC942}") = "test", "test\test.vcxproj", "{7C36789E-C6BB-474F-BFF4-9B8094DFFE8C}"
	ProjectSection(ProjectDependencies) = postProject
		{D0B99EAA-27E1-489E-B528-7E10EE10B9AC} = {D0B99EAA-27E1-489E-B528-7E10EE10B9AC}
		{0780D1FC-6A4B-40FF-878E-609FF3C778DE} = {0780D1FC-6A4B-40FF-878E-609FF3C778DE}
	EndProjectSection
EndProject
Project("{8BC9CEB8-8B4A-11D0-8D11-00A0C91BC942}") = "ctvm-recover", "ctvm-recover\ctvm-recover.vcxproj", "{591E2CA2-D4CB-48EA-82AE-770BDAD21E0C}"
	ProjectSection(ProjectDependencies) = postProject
		{D0B99EAA-27E1-489E-B528-7E10EE10B9AC} = {D0B99EAA-27E1-489E-B528-7E10EE10B9AC}
		{0780D1FC-6A4B-40FF-878E-609FF3C778DE} = {0780D1FC-6A4B-40FF-878E-609FF3C778DE}
	EndProjectSection
EndProject
Global
	GlobalSection(SolutionConfigurationPlatforms) = preSolution
		Debug|x64 = Debug|x64
		Debug|x86 = Debug|x86
		Release|x64 = Release|x64
		Release|x86 = Release|x86
	EndGlobalSection
	GlobalSection(ProjectConfigurationPlatforms) = postSolution
		{D0B99EAA-27E1-489E-B528-7E10EE10B9AC}.Debug|x64.ActiveCfg = Debug|x64
		{D0B99EAA-27E1-489E-B528-7E10EE10B9AC}.Debug|x64.Build.0 = Debug|x64
		{D0B99EAA-27E1-489E-B528-7E10EE10B9AC}.Debug|x86.ActiveCfg = Debug|x64
		{D0B99EAA-27E1-489E-B528-7E10EE10B9AC}.Debug|x86.Build.0 = Debug|x64
		{D0B99EAA-27E1-489E-B528-7E10EE10B9AC}.Release|x64.ActiveCfg = Release|x64
		{D0B99EAA-27E1-489E-B528-7E10EE10B9AC}.Release|x64.Build.0 = Release|x64
		{D0B99EAA-27E1-489E-B528-7E10EE10B9AC}.Release|x86.ActiveCfg = Release|Win32
		{D0B99EAA-27E1-489E-B528-7E10EE10B9AC}.Release|x86.Build.0 = Release|Win32
		{0780D1FC-6A4B-40FF-878E-609FF3C778DE}.Debug|x64.ActiveCfg = Debug|x64
		{0780D1FC-6A4B-40FF-878E-609FF3C778DE}.Debug|x64.Build.0 = Debug|x64
		{0780D1FC-6A4B-40FF-878E-609FF3C778DE}.Debug|x86.ActiveCfg = Debug|x64
		{0780D1FC-6A4B-40FF-878E-609FF3C778DE}.Debug|x86.Build.0 = Debug|x64
		{0780D1FC-6A4B-40FF-878E-609FF3C778DE}.Release|x64.ActiveCfg = Release|x64
		{0780D1FC-6A4B-40FF-878E-609FF3C778DE}.Release|x64.Build.0 = Release|x64
		{0780D1FC-6A4B-40FF-878E-609FF3C778DE}.Release|x86.ActiveCfg = Release|Win32
		{0780D1FC-6A4B-40FF-878E-609FF3C778DE}.Release|x86.Build.0 = Release|Win32
		{7C36789E-C6BB-474F-BFF4-9B8094DFFE8C}.Debug|x64.ActiveCfg = Debug|x64
		{7C36789E-C6BB-474F-BFF4-9B8094DFFE8C}.Debug|x64.Build.0 = Debug|x64
		{7C36789E-C6BB-474F-BFF4-9B8094DFFE8C}.Debug|x86.ActiveCfg = Debug|Win32
		{7C36789E-C6BB-474F-BFF4-9B8094DFFE8C}.Debug|x86.Build.0 = Debug|Win32
		{7C36789E-C6BB-474F-BFF4-9B8094DFFE8C}.Release|x64.ActiveCfg = Release|x64
		{7C36789E-C6BB-474F-BFF4-9B8094DFFE8C}.Release|x64.Build.0 = Release|x64
		{7C36789E-C6BB-474F-BFF4-9B8094DFFE8C}.Release|x86.ActiveCfg = Release|Win32
		{7C36789E-C6BB-474F-BFF4-9B8094DFFE8C}.Release|x86.Build.0 = Release|Win32
		{591E2CA2-D4CB-48EA-82AE-770BDAD21E0C}.Debug|x64.ActiveCfg = Debug|x64
		{591E2CA2-D4CB-48EA-82AE-770BDAD21E0C}.Debug|x64.Build.0 = Debug|x64
		{591E2CA2-D4CB-48EA-82AE-770BDAD21E0C}.Debug|x86.ActiveCfg = Debug|Win32
		{591E2CA2-D4CB-48EA-82AE-770BDAD21E0C}.Debug|x86.Build.0 = Debug|Win32
		{591E2CA2-D4CB-48EA-82AE-770BDAD21E0C}.Release|x64.ActiveCfg = Release|x64
		{591E2CA2-D4CB-48EA-82AE-770BDAD21E0C}.Release|x64.Build.0 = Release|x64
		{591E2CA2-D4CB-48EA-82AE-770BDAD21E0C}.Release|x86.ActiveCfg = Release|Win32
		{591E2CA2-D4CB-48EA-82AE-770BDAD21E0C}.Release|x86.Build.0 = Release|Win32
	EndGlobalSection
	GlobalSection(SolutionProperties) = preSolution
		HideSolutionNode = FALSE
	EndGlobalSection
EndGlobal
